
Microsoft Visual Studio Solution File, Format Version 12.00
# Visual Studio Version 17
VisualStudioVersion = 17.7.34031.279
MinimumVisualStudioVersion = 10.0.40219.1
Project("{9A19103F-16F7-4668-BE54-9A1E7A4F7556}") = "Pulse.Web", "Pulse.Web\Pulse.Web.csproj", "{E278BE99-A48B-4A49-AA95-4B46EBF9EB58}"
EndProject
Project("{FAE04EC0-301F-11D3-BF4B-00C04F79EFBC}") = "Pulse.Core", "Pulse.Core\Pulse.Core.csproj", "{A2140DAA-A9A7-4537-A93F-7916BE74D681}"
EndProject
Global
	GlobalSection(SolutionConfigurationPlatforms) = preSolution
		Debug|Any CPU = Debug|Any CPU
		Release|Any CPU = Release|Any CPU
	EndGlobalSection
	GlobalSection(ProjectConfigurationPlatforms) = postSolution
		{E278BE99-A48B-4A49-AA95-4B46EBF9EB58}.Debug|Any CPU.ActiveCfg = Debug|Any CPU
		{E278BE99-A48B-4A49-AA95-4B46EBF9EB58}.Debug|Any CPU.Build.0 = Debug|Any CPU
		{E278BE99-A48B-4A49-AA95-4B46EBF9EB58}.Release|Any CPU.ActiveCfg = Release|Any CPU
		{E278BE99-A48B-4A49-AA95-4B46EBF9EB58}.Release|Any CPU.Build.0 = Release|Any CPU
		{A2140DAA-A9A7-4537-A93F-7916BE74D681}.Debug|Any CPU.ActiveCfg = Debug|Any CPU
		{A2140DAA-A9A7-4537-A93F-7916BE74D681}.Debug|Any CPU.Build.0 = Debug|Any CPU
		{A2140DAA-A9A7-4537-A93F-7916BE74D681}.Release|Any CPU.ActiveCfg = Release|Any CPU
		{A2140DAA-A9A7-4537-A93F-7916BE74D681}.Release|Any CPU.Build.0 = Release|Any CPU
	EndGlobalSection
	GlobalSection(SolutionProperties) = preSolution
		HideSolutionNode = FALSE
	EndGlobalSection
	GlobalSection(ExtensibilityGlobals) = postSolution
		SolutionGuid = {949B4C05-A66B-47FC-BF73-F8343A0875A1}
	EndGlobalSection
EndGlobal
